{
  "name": "@amanadb/storage",
  "version": "1.0.0",
  "lockfileVersion": 3,
  "requires": true,
  "packages": {
    "": {
      "name": "@amanadb/storage",
      "version": "1.0.0",
      "license": "ISC",
      "dependencies": {
        "fabric-contract-api": "^2.5.8",
        "fabric-shim": "^2.5.8",
        "json-stringify-deterministic": "^1.0.16",
        "sort-keys-recursive": "^2.1.10"
      },
      "devDependencies": {
        "@types/node": "^26.4.1",
        "typescript": "^7.0.2"
      }
    },
    "../../node_modules/.pnpm/@types+node@26.5.1/node_modules/@types/node": {
      "version": "26.5.1",
      "dev": true,
      "license": "MIT",
      "dependencies": {
        "undici-types": "~8.9.0"
      }
    },
    "../../node_modules/.pnpm/fabric-contract-api@2.5.8/node_modules/fabric-contract-api": {
      "version": "2.5.8",
      "license": "Apache-2.0",
      "dependencies": {
        "class-transformer": "^0.4.0",
        "fabric-shim-api": "2.5.8",
        "fast-safe-stringify": "^2.1.1",
        "get-params": "^0.1.2",
        "reflect-metadata": "^0.1.13",
        "winston": "^3.7.2"
      },
      "devDependencies": {
        "ajv": "^6.12.2",
        "ajv-cli": "^3.2.1",
        "ajv-formats": "2.1.1",
        "chai": "^4.3.4",
        "chai-as-promised": "^7.1.1",
        "chai-things": "^0.2.0",
        "eslint": "^6.6.0",
        "gulp": "^4.0.2",
        "gulp-debug": "~4.0.0",
        "gulp-eslint": "~6.0.0",
        "mocha": "9.1.3",
        "nyc": "15.1.0",
        "rewire": "6.0.0",
        "sinon": "13.0.1",
        "typescript": "4.4.4"
      },
      "engines": {
        "node": ">=18"
      }
    },
    "../../node_modules/.pnpm/fabric-shim@2.5.8/node_modules/fabric-shim": {
      "version": "2.5.8",
      "license": "Apache-2.0",
      "dependencies": {
        "@fidm/x509": "^1.2.1",
        "@grpc/grpc-js": "^1.11.0",
        "@hyperledger/fabric-protos": "^0.2.2",
        "@types/node": "^16.11.1",
        "ajv": "^6.12.2",
        "fabric-contract-api": "2.5.8",
        "fabric-shim-api": "2.5.8",
        "fast-safe-stringify": "^2.1.1",
        "long": "^5.2.3",
        "reflect-metadata": "^0.1.13",
        "winston": "^3.7.2",
        "yargs": "^17.4.0",
        "yargs-parser": "^21.0.1"
      },
      "bin": {
        "fabric-chaincode-node": "cli.js"
      },
      "devDependencies": {
        "caniuse-lite": "~1.0.30001325",
        "chai": "^4.3.4",
        "chai-as-promised": "^7.1.1",
        "chai-things": "^0.2.0",
        "cpx": "^1.5.0",
        "eslint": "^6.6.0",
        "mocha": "9.1.3",
        "mockery": "^2.1.0",
        "nyc": "15.1.0",
        "rewire": "6.0.0",
        "rimraf": "^3.0.2",
        "sinon": "13.0.1",
        "spec-junit-splitter-mocha-reporter": "1.0.1"
      },
      "engines": {
        "node": ">=18"
      }
    },
    "../../node_modules/.pnpm/json-stringify-deterministic@1.0.16/node_modules/json-stringify-deterministic": {
      "version": "1.0.16",
      "license": "MIT",
      "devDependencies": {
        "@commitlint/cli": "latest",
        "@commitlint/config-conventional": "latest",
        "c8": "latest",
        "ci-publish": "latest",
        "finepack": "latest",
        "git-authors-cli": "latest",
        "github-generate-release": "latest",
        "mocha": "latest",
        "nano-staged": "latest",
        "should": "latest",
        "simple-git-hooks": "latest",
        "standard": "latest",
        "standard-markdown": "latest",
        "standard-version": "latest"
      },
      "engines": {
        "node": ">= 4"
      }
    },
    "../../node_modules/.pnpm/sort-keys-recursive@2.1.10/node_modules/sort-keys-recursive": {
      "version": "2.1.10",
      "license": "MIT",
      "dependencies": {
        "kind-of": "~6.0.2",
        "sort-keys": "~4.2.0"
      },
      "devDependencies": {
        "@commitlint/cli": "latest",
        "@commitlint/config-conventional": "latest",
        "ava": "latest",
        "c8": "latest",
        "ci-publish": "latest",
        "conventional-github-releaser": "latest",
        "finepack": "latest",
        "git-authors-cli": "latest",
        "nano-staged": "latest",
        "npm-check-updates": "latest",
        "prettier-standard": "latest",
        "simple-git-hooks": "latest",
        "standard": "latest",
        "standard-markdown": "latest",
        "standard-version": "latest"
      },
      "engines": {
        "node": ">=4"
      }
    },
    "../../node_modules/.pnpm/typescript@7.0.2/node_modules/typescript": {
      "version": "7.0.2",
      "dev": true,
      "license": "Apache-2.0",
      "bin": {
        "tsc": "bin/tsc"
      },
      "engines": {
        "node": ">=16.20.0"
      },
      "optionalDependencies": {
        "@typescript/typescript-aix-ppc64": "7.0.2",
        "@typescript/typescript-darwin-arm64": "7.0.2",
        "@typescript/typescript-darwin-x64": "7.0.2",
        "@typescript/typescript-freebsd-arm64": "7.0.2",
        "@typescript/typescript-freebsd-x64": "7.0.2",
        "@typescript/typescript-linux-arm": "7.0.2",
        "@typescript/typescript-linux-arm64": "7.0.2",
        "@typescript/typescript-linux-loong64": "7.0.2",
        "@typescript/typescript-linux-mips64el": "7.0.2",
        "@typescript/typescript-linux-ppc64": "7.0.2",
        "@typescript/typescript-linux-riscv64": "7.0.2",
        "@typescript/typescript-linux-s390x": "7.0.2",
        "@typescript/typescript-linux-x64": "7.0.2",
        "@typescript/typescript-netbsd-arm64": "7.0.2",
        "@typescript/typescript-netbsd-x64": "7.0.2",
        "@typescript/typescript-openbsd-arm64": "7.0.2",
        "@typescript/typescript-openbsd-x64": "7.0.2",
        "@typescript/typescript-sunos-x64": "7.0.2",
        "@typescript/typescript-win32-arm64": "7.0.2",
        "@typescript/typescript-win32-x64": "7.0.2"
      }
    },
    "node_modules/@types/node": {
      "resolved": "../../node_modules/.pnpm/@types+node@26.5.1/node_modules/@types/node",
      "link": true
    },
    "node_modules/fabric-contract-api": {
      "resolved": "../../node_modules/.pnpm/fabric-contract-api@2.5.8/node_modules/fabric-contract-api",
      "link": true
    },
    "node_modules/fabric-shim": {
      "resolved": "../../node_modules/.pnpm/fabric-shim@2.5.8/node_modules/fabric-shim",
      "link": true
    },
    "node_modules/json-stringify-deterministic": {
      "resolved": "../../node_modules/.pnpm/json-stringify-deterministic@1.0.16/node_modules/json-stringify-deterministic",
      "link": true
    },
    "node_modules/sort-keys-recursive": {
      "resolved": "../../node_modules/.pnpm/sort-keys-recursive@2.1.10/node_modules/sort-keys-recursive",
      "link": true
    },
    "node_modules/typescript": {
      "resolved": "../../node_modules/.pnpm/typescript@7.0.2/node_modules/typescript",
      "link": true
    }
  }
}
